
Microsoft Visual Studio Solution File, Format Version 12.00
Project("{FAE04EC0-301F-11D3-BF4B-00C04F79EFBC}") = "VerySecureApp.API", "VerySecureApp.API\VerySecureApp.API.csproj", "{4E21C1F9-B6DB-4CC8-AA8A-80BED095D4B5}"
EndProject
Project("{2150E333-8FDC-42A3-9474-1A3956D46DE8}") = "Solution Items", "Solution Items", "{6251A94E-D92A-48F7-B377-B772AF658938}"
	ProjectSection(SolutionItems) = preProject
		docker-compose.yml = docker-compose.yml
		Dockerfile = Dockerfile
		.gitignore = .gitignore
		k8s\deploy.yml = k8s\deploy.yml
		k8s\service.yml = k8s\service.yml
	EndProjectSection
EndProject
Global
	GlobalSection(SolutionConfigurationPlatforms) = preSolution
		Debug|Any CPU = Debug|Any CPU
		Release|Any CPU = Release|Any CPU
	EndGlobalSection
	GlobalSection(ProjectConfigurationPlatforms) = postSolution
		{4E21C1F9-B6DB-4CC8-AA8A-80BED095D4B5}.Debug|Any CPU.ActiveCfg = Debug|Any CPU
		{4E21C1F9-B6DB-4CC8-AA8A-80BED095D4B5}.Debug|Any CPU.Build.0 = Debug|Any CPU
		{4E21C1F9-B6DB-4CC8-AA8A-80BED095D4B5}.Release|Any CPU.ActiveCfg = Release|Any CPU
		{4E21C1F9-B6DB-4CC8-AA8A-80BED095D4B5}.Release|Any CPU.Build.0 = Release|Any CPU
	EndGlobalSection
EndGlobal
